
Microsoft Visual Studio Solution File, Format Version 12.00
Project("{FAE04EC0-301F-11D3-BF4B-00C04F79EFBC}") = "K6WithDotNet", "src\K6WithDotNet\K6WithDotNet.csproj", "{6ADFF33E-CF24-464F-9117-8B44638734C6}"
EndProject
Global
	GlobalSection(SolutionConfigurationPlatforms) = preSolution
		Debug|Any CPU = Debug|Any CPU
		Release|Any CPU = Release|Any CPU
	EndGlobalSection
	GlobalSection(ProjectConfigurationPlatforms) = postSolution
		{6ADFF33E-CF24-464F-9117-8B44638734C6}.Debug|Any CPU.ActiveCfg = Debug|Any CPU
		{6ADFF33E-CF24-464F-9117-8B44638734C6}.Debug|Any CPU.Build.0 = Debug|Any CPU
		{6ADFF33E-CF24-464F-9117-8B44638734C6}.Release|Any CPU.ActiveCfg = Release|Any CPU
		{6ADFF33E-CF24-464F-9117-8B44638734C6}.Release|Any CPU.Build.0 = Release|Any CPU
	EndGlobalSection
EndGlobal
